// !$*UTF8*$!
{
	archiveVersion = 1;
	classes = {
	};
	objectVersion = 46;
	objects = {

/* Begin PBXBuildFile section */
		4333C5911D96870D000A9C0B /* AppDelegate.swift in Sources */ = {isa = PBXBuildFile; fileRef = 4333C5901D96870D000A9C0B /* AppDelegate.swift */; };
		4333C5931D96870D000A9C0B /* ViewController.swift in Sources */ = {isa = PBXBuildFile; fileRef = 4333C5921D96870D000A9C0B /* ViewController.swift */; };
		4333C5951D96870D000A9C0B /* Assets.xcassets in Resources */ = {isa = PBXBuildFile; fileRef = 4333C5941D96870D000A9C0B /* Assets.xcassets */; };
		4333C5981D96870D000A9C0B /* Main.storyboard in Resources */ = {isa = PBXBuildFile; fileRef = 4333C5961D96870D000A9C0B /* Main.storyboard */; };
		4333C5A11D96B3D2000A9C0B /* Fretboardview.swift in Sources */ = {isa = PBXBuildFile; fileRef = 4333C5A01D96B3D2000A9C0B /* Fretboardview.swift */; };
		4333C5A31D96B3F1000A9C0B /* Fretboardview.xib in Resources */ = {isa = PBXBuildFile; fileRef = 4333C5A21D96B3F1000A9C0B /* Fretboardview.xib */; };
/* End PBXBuildFile section */

/* Begin PBXFileReference section */
		4333C58D1D96870D000A9C0B /* Scale Generator.app */ = {isa = PBXFileReference; explicitFileType = wrapper.application; includeInIndex = 0; path = "Scale Generator.app"; sourceTree = BUILT_PRODUCTS_DIR; };
		4333C5901D96870D000A9C0B /* AppDelegate.swift */ = {isa = PBXFileReference; lastKnownFileType = sourcecode.swift; path = AppDelegate.swift; sourceTree = "<group>"; };
		4333C5921D96870D000A9C0B /* ViewController.swift */ = {isa = PBXFileReference; lastKnownFileType = sourcecode.swift; path = ViewController.swift; sourceTree = "<group>"; };
		4333C5941D96870D000A9C0B /* Assets.xcassets */ = {isa = PBXFileReference; lastKnownFileType = folder.assetcatalog; path = Assets.xcassets; sourceTree = "<group>"; };
		4333C5971D96870D000A9C0B /* Base */ = {isa = PBXFileReference; lastKnownFileType = file.storyboard; name = Base; path = Base.lproj/Main.storyboard; sourceTree = "<group>"; };
		4333C5991D96870D000A9C0B /* Info.plist */ = {isa = PBXFileReference; lastKnownFileType = text.plist.xml; path = Info.plist; sourceTree = "<group>"; };
		4333C5A01D96B3D2000A9C0B /* Fretboardview.swift */ = {isa = PBXFileReference; fileEncoding = 4; lastKnownFileType = sourcecode.swift; path = Fretboardview.swift; sourceTree = "<group>"; };
		4333C5A21D96B3F1000A9C0B /* Fretboardview.xib */ = {isa = PBXFileReference; fileEncoding = 4; lastKnownFileType = file.xib; path = Fretboardview.xib; sourceTree = "<group>"; };
/* End PBXFileReference section */

/* Begin PBXFrameworksBuildPhase section */
		4333C58A1D96870D000A9C0B /* Frameworks */ = {
			isa = PBXFrameworksBuildPhase;
			buildActionMask = 2147483647;
			files = (
			);
			runOnlyForDeploymentPostprocessing = 0;
		};
/* End PBXFrameworksBuildPhase section */

/* Begin PBXGroup section */
		4333C5841D96870D000A9C0B = {
			isa = PBXGroup;
			children = (
				4333C58F1D96870D000A9C0B /* Scale Generator */,
				4333C58E1D96870D000A9C0B /* Products */,
			);
			sourceTree = "<group>";
		};
		4333C58E1D96870D000A9C0B /* Products */ = {
			isa = PBXGroup;
			children = (
				4333C58D1D96870D000A9C0B /* Scale Generator.app */,
			);
			name = Products;
			sourceTree = "<group>";
		};
		4333C58F1D96870D000A9C0B /* Scale Generator */ = {
			isa = PBXGroup;
			children = (
				4333C59F1D96B385000A9C0B /* View */,
				4333C5901D96870D000A9C0B /* AppDelegate.swift */,
				4333C5921D96870D000A9C0B /* ViewController.swift */,
				4333C5961D96870D000A9C0B /* Main.storyboard */,
				4333C5941D96870D000A9C0B /* Assets.xcassets */,
				4333C5991D96870D000A9C0B /* Info.plist */,
			);
			name = "Scale Generator";
			path = "Guitar Fretboard Scale Generator";
			sourceTree = "<group>";
		};
		4333C59F1D96B385000A9C0B /* View */ = {
			isa = PBXGroup;
			children = (
				4333C5A01D96B3D2000A9C0B /* Fretboardview.swift */,
				4333C5A21D96B3F1000A9C0B /* Fretboardview.xib */,
			);
			name = View;
			sourceTree = "<group>";
		};
/* End PBXGroup section */

/* Begin PBXNativeTarget section */
		4333C58C1D96870D000A9C0B /* Scale Generator */ = {
			isa = PBXNativeTarget;
			buildConfigurationList = 4333C59C1D96870D000A9C0B /* Build configuration list for PBXNativeTarget "Scale Generator" */;
			buildPhases = (
				4333C5891D96870D000A9C0B /* Sources */,
				4333C58A1D96870D000A9C0B /* Frameworks */,
				4333C58B1D96870D000A9C0B /* Resources */,
			);
			buildRules = (
			);
			dependencies = (
			);
			name = "Scale Generator";
			productName = "Guitar Fretboard Scale Generator";
			productReference = 4333C58D1D96870D000A9C0B /* Scale Generator.app */;
			productType = "com.apple.product-type.application";
		};
/* End PBXNativeTarget section */

/* Begin PBXProject section */
		4333C5851D96870D000A9C0B /* Project object */ = {
			isa = PBXProject;
			attributes = {
				LastSwiftUpdateCheck = 0730;
				LastUpgradeCheck = 0800;
				ORGANIZATIONNAME = "Christian Hackl";
				TargetAttributes = {
					4333C58C1D96870D000A9C0B = {
						CreatedOnToolsVersion = 7.3;
						LastSwiftMigration = 0800;
					};
				};
			};
			buildConfigurationList = 4333C5881D96870D000A9C0B /* Build configuration list for PBXProject "Scale Generator" */;
			compatibilityVersion = "Xcode 3.2";
			developmentRegion = English;
			hasScannedForEncodings = 0;
			knownRegions = (
				en,
				Base,
			);
			mainGroup = 4333C5841D96870D000A9C0B;
			productRefGroup = 4333C58E1D96870D000A9C0B /* Products */;
			projectDirPath = "";
			projectRoot = "";
			targets = (
				4333C58C1D96870D000A9C0B /* Scale Generator */,
			);
		};
/* End PBXProject section */

/* Begin PBXResourcesBuildPhase section */
		4333C58B1D96870D000A9C0B /* Resources */ = {
			isa = PBXResourcesBuildPhase;
			buildActionMask = 2147483647;
			files = (
				4333C5951D96870D000A9C0B /* Assets.xcassets in Resources */,
				4333C5981D96870D000A9C0B /* Main.storyboard in Resources */,
				4333C5A31D96B3F1000A9C0B /* Fretboardview.xib in Resources */,
			);
			runOnlyForDeploymentPostprocessing = 0;
		};
/* End PBXResourcesBuildPhase section */

/* Begin PBXSourcesBuildPhase section */
		4333C5891D96870D000A9C0B /* Sources */ = {
			isa = PBXSourcesBuildPhase;
			buildActionMask = 2147483647;
			files = (
				4333C5931D96870D000A9C0B /* ViewController.swift in Sources */,
				4333C5A11D96B3D2000A9C0B /* Fretboardview.swift in Sources */,
				4333C5911D96870D000A9C0B /* AppDelegate.swift in Sources */,
			);
			runOnlyForDeploymentPostprocessing = 0;
		};
/* End PBXSourcesBuildPhase section */

/* Begin PBXVariantGroup section */
		4333C5961D96870D000A9C0B /* Main.storyboard */ = {
			isa = PBXVariantGroup;
			children = (
				4333C5971D96870D000A9C0B /* Base */,
			);
			name = Main.storyboard;
			sourceTree = "<group>";
		};
/* End PBXVariantGroup section */

/* Begin XCBuildConfiguration section */
		4333C59A1D96870D000A9C0B /* Debug */ = {
			isa = XCBuildConfiguration;
			buildSettings = {
				ALWAYS_SEARCH_USER_PATHS = NO;
				CLANG_ANALYZER_NONNULL = YES;
				CLANG_CXX_LANGUAGE_STANDARD = "gnu++0x";
				CLANG_CXX_LIBRARY = "libc++";
				CLANG_ENABLE_MODULES = YES;
				CLANG_ENABLE_OBJC_ARC = YES;
				CLANG_WARN_BOOL_CONVERSION = YES;
				CLANG_WARN_CONSTANT_CONVERSION = YES;
				CLANG_WARN_DIRECT_OBJC_ISA_USAGE = YES_ERROR;
				CLANG_WARN_EMPTY_BODY = YES;
				CLANG_WARN_ENUM_CONVERSION = YES;
				CLANG_WARN_INFINITE_RECURSION = YES;
				CLANG_WARN_INT_CONVERSION = YES;
				CLANG_WARN_OBJC_ROOT_CLASS = YES_ERROR;
				CLANG_WARN_SUSPICIOUS_MOVE = YES;
				CLANG_WARN_UNREACHABLE_CODE = YES;
				CLANG_WARN__DUPLICATE_METHOD_MATCH = YES;
				CODE_SIGN_IDENTITY = "-";
				COPY_PHASE_STRIP = NO;
				DEBUG_INFORMATION_FORMAT = dwarf;
				ENABLE_STRICT_OBJC_MSGSEND = YES;
				ENABLE_TESTABILITY = YES;
				GCC_C_LANGUAGE_STANDARD = gnu99;
				GCC_DYNAMIC_NO_PIC = NO;
				GCC_NO_COMMON_BLOCKS = YES;
				GCC_OPTIMIZATION_LEVEL = 0;
				GCC_PREPROCESSOR_DEFINITIONS = (
					"DEBUG=1",
					"$(inherited)",
				);
				GCC_WARN_64_TO_32_BIT_CONVERSION = YES;
				GCC_WARN_ABOUT_RETURN_TYPE = YES_ERROR;
				GCC_WARN_UNDECLARED_SELECTOR = YES;
				GCC_WARN_UNINITIALIZED_AUTOS = YES_AGGRESSIVE;
				GCC_WARN_UNUSED_FUNCTION = YES;
				GCC_WARN_UNUSED_VARIABLE = YES;
				MACOSX_DEPLOYMENT_TARGET = 10.12;
				MTL_ENABLE_DEBUG_INFO = YES;
				ONLY_ACTIVE_ARCH = YES;
				SDKROOT = macosx;
				SWIFT_OPTIMIZATION_LEVEL = "-Onone";
			};
			name = Debug;
		};
		4333C59B1D96870D000A9C0B /* Release */ = {
			isa = XCBuildConfiguration;
			buildSettings = {
				ALWAYS_SEARCH_USER_PATHS = NO;
				CLANG_ANALYZER_NONNULL = YES;
				CLANG_CXX_LANGUAGE_STANDARD = "gnu++0x";
				CLANG_CXX_LIBRARY = "libc++";
				CLANG_ENABLE_MODULES = YES;
				CLANG_ENABLE_OBJC_ARC = YES;
				CLANG_WARN_BOOL_CONVERSION = YES;
				CLANG_WARN_CONSTANT_CONVERSION = YES;
				CLANG_WARN_DIRECT_OBJC_ISA_USAGE = YES_ERROR;
				CLANG_WARN_EMPTY_BODY = YES;
				CLANG_WARN_ENUM_CONVERSION = YES;
				CLANG_WARN_INFINITE_RECURSION = YES;
				CLANG_WARN_INT_CONVERSION = YES;
				CLANG_WARN_OBJC_ROOT_CLASS = YES_ERROR;
				CLANG_WARN_SUSPICIOUS_MOVE = YES;
				CLANG_WARN_UNREACHABLE_CODE = YES;
				CLANG_WARN__DUPLICATE_METHOD_MATCH = YES;
				CODE_SIGN_IDENTITY = "-";
				COPY_PHASE_STRIP = NO;
				DEBUG_INFORMATION_FORMAT = "dwarf-with-dsym";
				ENABLE_NS_ASSERTIONS = NO;
				ENABLE_STRICT_OBJC_MSGSEND = YES;
				GCC_C_LANGUAGE_STANDARD = gnu99;
				GCC_NO_COMMON_BLOCKS = YES;
				GCC_WARN_64_TO_32_BIT_CONVERSION = YES;
				GCC_WARN_ABOUT_RETURN_TYPE = YES_ERROR;
				GCC_WARN_UNDECLARED_SELECTOR = YES;
				GCC_WARN_UNINITIALIZED_AUTOS = YES_AGGRESSIVE;
				GCC_WARN_UNUSED_FUNCTION = YES;
				GCC_WARN_UNUSED_VARIABLE = YES;
				MACOSX_DEPLOYMENT_TARGET = 10.12;
				MTL_ENABLE_DEBUG_INFO = NO;
				SDKROOT = macosx;
				SWIFT_OPTIMIZATION_LEVEL = "-Owholemodule";
			};
			name = Release;
		};
		4333C59D1D96870D000A9C0B /* Debug */ = {
			isa = XCBuildConfiguration;
			buildSettings = {
				ASSETCATALOG_COMPILER_APPICON_NAME = AppIcon;
				COMBINE_HIDPI_IMAGES = YES;
				INFOPLIST_FILE = "Guitar Fretboard Scale Generator/Info.plist";
				LD_RUNPATH_SEARCH_PATHS = "$(inherited) @executable_path/../Frameworks";
				MACOSX_DEPLOYMENT_TARGET = 10.11;
				PRODUCT_BUNDLE_IDENTIFIER = "CHA.Scale-Generator";
				PRODUCT_NAME = "$(TARGET_NAME)";
				SWIFT_VERSION = 3.0;
			};
			name = Debug;
		};
		4333C59E1D96870D000A9C0B /* Release */ = {
			isa = XCBuildConfiguration;
			buildSettings = {
				ASSETCATALOG_COMPILER_APPICON_NAME = AppIcon;
				COMBINE_HIDPI_IMAGES = YES;
				INFOPLIST_FILE = "Guitar Fretboard Scale Generator/Info.plist";
				LD_RUNPATH_SEARCH_PATHS = "$(inherited) @executable_path/../Frameworks";
				MACOSX_DEPLOYMENT_TARGET = 10.11;
				PRODUCT_BUNDLE_IDENTIFIER = "CHA.Scale-Generator";
				PRODUCT_NAME = "$(TARGET_NAME)";
				SWIFT_VERSION = 3.0;
			};
			name = Release;
		};
/* End XCBuildConfiguration section */

/* Begin XCConfigurationList section */
		4333C5881D96870D000A9C0B /* Build configuration list for PBXProject "Scale Generator" */ = {
			isa = XCConfigurationList;
			buildConfigurations = (
				4333C59A1D96870D000A9C0B /* Debug */,
				4333C59B1D96870D000A9C0B /* Release */,
			);
			defaultConfigurationIsVisible = 0;
			defaultConfigurationName = Release;
		};
		4333C59C1D96870D000A9C0B /* Build configuration list for PBXNativeTarget "Scale Generator" */ = {
			isa = XCConfigurationList;
			buildConfigurations = (
				4333C59D1D96870D000A9C0B /* Debug */,
				4333C59E1D96870D000A9C0B /* Release */,
			);
			defaultConfigurationIsVisible = 0;
			defaultConfigurationName = Release;
		};
/* End XCConfigurationList section */
	};
	rootObject = 4333C5851D96870D000A9C0B /* Project object */;
}
